{
  "name": "@flancer32/site-teqfw",
  "version": "0.1.0",
  "lockfileVersion": 3,
  "requires": true,
  "packages": {
    "": {
      "name": "@flancer32/site-teqfw",
      "version": "0.1.0",
      "license": "Apache-2.0",
      "dependencies": {
        "@flancer32/teq-web": "github:flancer32/teq-web#main",
        "@teqfw/di": "github:teqfw/di#main",
        "nunjucks": "^3.2.4"
      },
      "devDependencies": {
        "@types/node": "^24.12.2"
      },
      "engines": {
        "node": ">=20"
      }
    },
    "node_modules/@flancer32/teq-web": {
      "version": "0.15.0",
      "resolved": "git+ssh://git@github.com/flancer32/teq-web.git#9e37de8784a46cd8c24f62d2edbe923f80a2d022",
      "license": "Apache-2.0",
      "dependencies": {
        "@teqfw/cfg": "github:teqfw/cfg#main",
        "@teqfw/cli": "github:teqfw/cli#main",
        "@teqfw/di": "github:teqfw/di#main",
        "@teqfw/log": "github:teqfw/log#main"
      },
      "engines": {
        "node": ">=20"
      }
    },
    "node_modules/@teqfw/cfg": {
      "version": "0.1.0",
      "resolved": "git+ssh://git@github.com/teqfw/cfg.git#fe740c19c4abb64e42a1d1c66f9fc2cec8822ab2",
      "license": "Apache-2.0",
      "engines": {
        "node": ">=20"
      },
      "funding": {
        "type": "individual",
        "url": "https://github.com/sponsors/teqfw"
      }
    },
    "node_modules/@teqfw/cli": {
      "version": "0.1.0",
      "resolved": "git+ssh://git@github.com/teqfw/cli.git#2c8106ac28768403ba48cc82de3c980ab5319387",
      "license": "Apache-2.0",
      "dependencies": {
        "@teqfw/di": "git+https://github.com/teqfw/di.git#main",
        "@teqfw/log": "^0.1.0"
      },
      "bin": {
        "teq": "bin/teq.mjs"
      },
      "engines": {
        "node": ">=20"
      }
    },
    "node_modules/@teqfw/di": {
      "version": "2.8.0",
      "resolved": "git+ssh://git@github.com/teqfw/di.git#9258c2d510bebe6bbed37b88394749c69a51901e",
      "license": "Apache-2.0",
      "engines": {
        "node": ">=20"
      },
      "funding": {
        "type": "individual",
        "url": "https://github.com/sponsors/teqfw"
      }
    },
    "node_modules/@teqfw/log": {
      "version": "0.1.0",
      "resolved": "git+ssh://git@github.com/teqfw/log.git#bc575a570a37cd2dcfcf90182aa203c2c595d937",
      "license": "Apache-2.0",
      "dependencies": {
        "@teqfw/di": ">=2.8.0"
      },
      "engines": {
        "node": ">=20"
      },
      "funding": {
        "type": "individual",
        "url": "https://github.com/sponsors/teqfw"
      }
    },
    "node_modules/@types/node": {
      "version": "24.13.3",
      "resolved": "https://registry.npmjs.org/@types/node/-/node-24.13.3.tgz",
      "integrity": "sha512-Dh8vAsV36ig5wa9OX4pXvMc9D3Veibfw2wix0CUwYODLD8nkj9UsLjASr49nPg+2eKzxhBV+v7L8pXvT4e639Q==",
      "dev": true,
      "license": "MIT",
      "dependencies": {
        "undici-types": "~7.18.0"
      }
    },
    "node_modules/a-sync-waterfall": {
      "version": "1.0.1",
      "resolved": "https://registry.npmjs.org/a-sync-waterfall/-/a-sync-waterfall-1.0.1.tgz",
      "integrity": "sha512-RYTOHHdWipFUliRFMCS4X2Yn2X8M87V/OpSqWzKKOGhzqyUxzyVmhHDH9sAvG+ZuQf/TAOFsLCpMw09I1ufUnA==",
      "license": "MIT"
    },
    "node_modules/asap": {
      "version": "2.0.6",
      "resolved": "https://registry.npmjs.org/asap/-/asap-2.0.6.tgz",
      "integrity": "sha512-BSHWgDSAiKs50o2Re8ppvp3seVHXSRM44cdSsT9FfNEUUZLOGWVCsiWaRPWM1Znn+mqZ1OfVZ3z3DWEzSp7hRA==",
      "license": "MIT"
    },
    "node_modules/commander": {
      "version": "5.1.0",
      "resolved": "https://registry.npmjs.org/commander/-/commander-5.1.0.tgz",
      "integrity": "sha512-P0CysNDQ7rtVw4QIQtm+MRxV66vKFSvlsQvGYXZWR3qFU0jlMKHZZZgw8e+8DSah4UDKMqnknRDQz+xuQXQ/Zg==",
      "license": "MIT",
      "engines": {
        "node": ">= 6"
      }
    },
    "node_modules/nunjucks": {
      "version": "3.2.4",
      "resolved": "https://registry.npmjs.org/nunjucks/-/nunjucks-3.2.4.tgz",
      "integrity": "sha512-26XRV6BhkgK0VOxfbU5cQI+ICFUtMLixv1noZn1tGU38kQH5A5nmmbk/O45xdyBhD1esk47nKrY0mvQpZIhRjQ==",
      "license": "BSD-2-Clause",
      "dependencies": {
        "a-sync-waterfall": "^1.0.0",
        "asap": "^2.0.3",
        "commander": "^5.1.0"
      },
      "bin": {
        "nunjucks-precompile": "bin/precompile"
      },
      "engines": {
        "node": ">= 6.9.0"
      },
      "peerDependencies": {
        "chokidar": "^3.3.0"
      },
      "peerDependenciesMeta": {
        "chokidar": {
          "optional": true
        }
      }
    },
    "node_modules/undici-types": {
      "version": "7.18.2",
      "resolved": "https://registry.npmjs.org/undici-types/-/undici-types-7.18.2.tgz",
      "integrity": "sha512-AsuCzffGHJybSaRrmr5eHr81mwJU3kjw6M+uprWvCXiNeN9SOGwQ3Jn8jb8m3Z6izVgknn1R0FTCEAP2QrLY/w==",
      "dev": true,
      "license": "MIT"
    }
  }
}
