{
  "name": "@flancer32/site-teqfw",
  "version": "1.0.0",
  "lockfileVersion": 3,
  "requires": true,
  "packages": {
    "": {
      "name": "@flancer32/site-teqfw",
      "version": "1.0.0",
      "license": "Apache-2.0",
      "dependencies": {
        "@teqfw/cfg": "github:teqfw/cfg#main",
        "@teqfw/cli": "github:teqfw/cli#main",
        "@teqfw/di": "github:teqfw/di#main",
        "@teqfw/log": "github:teqfw/log#main",
        "@teqfw/web": "^2.0.0",
        "nunjucks": "^3.2.4"
      },
      "devDependencies": {
        "@types/node": "^24.12.2"
      },
      "engines": {
        "node": ">=20"
      }
    },
    "node_modules/@teqfw/cfg": {
      "version": "2.0.0",
      "resolved": "git+ssh://git@github.com/teqfw/cfg.git#ed0d707d0c900fa68ae24fc0bffdaf97292a476c",
      "license": "Apache-2.0",
      "engines": {
        "node": ">=20"
      },
      "funding": {
        "type": "individual",
        "url": "https://github.com/sponsors/teqfw"
      }
    },
    "node_modules/@teqfw/cli": {
      "version": "2.2.0",
      "resolved": "git+ssh://git@github.com/teqfw/cli.git#e41a68ae1801d29cd98b672f748a8a21d5a09559",
      "license": "Apache-2.0",
      "dependencies": {
        "@teqfw/cfg": ">=2.0.0",
        "@teqfw/di": ">=2.9.0",
        "@teqfw/log": ">=2.0.0"
      },
      "bin": {
        "teq": "bin/teq.mjs"
      },
      "engines": {
        "node": ">=20"
      }
    },
    "node_modules/@teqfw/di": {
      "version": "2.9.0",
      "resolved": "git+ssh://git@github.com/teqfw/di.git#2fac6aa0d6949549ecff81072145a17f38d2f854",
      "license": "Apache-2.0",
      "engines": {
        "node": ">=20"
      },
      "funding": {
        "type": "individual",
        "url": "https://github.com/sponsors/teqfw"
      }
    },
    "node_modules/@teqfw/log": {
      "version": "2.0.0",
      "resolved": "git+ssh://git@github.com/teqfw/log.git#7aaf52478895ca97bc577558ba63a5616d31bd02",
      "license": "Apache-2.0",
      "dependencies": {
        "@teqfw/di": ">=2.9.0"
      },
      "engines": {
        "node": ">=20"
      },
      "funding": {
        "type": "individual",
        "url": "https://github.com/sponsors/teqfw"
      }
    },
    "node_modules/@teqfw/web": {
      "version": "2.0.0",
      "resolved": "https://registry.npmjs.org/@teqfw/web/-/web-2.0.0.tgz",
      "integrity": "sha512-MjzswFktq/h2A+GXKU31skgC8vMAtpOXbqMIeBFbMPWSgwyex0pTeTE8DiZRoChcrd6/ek82wGvnesI2U5+HhQ==",
      "license": "Apache-2.0",
      "dependencies": {
        "@teqfw/cfg": ">=2.0.0",
        "@teqfw/cli": ">=2.0.0",
        "@teqfw/di": ">=2.9.0",
        "@teqfw/log": ">=2.0.0"
      },
      "engines": {
        "node": ">=20"
      }
    },
    "node_modules/@types/node": {
      "version": "24.13.3",
      "resolved": "https://registry.npmjs.org/@types/node/-/node-24.13.3.tgz",
      "integrity": "sha512-Dh8vAsV36ig5wa9OX4pXvMc9D3Veibfw2wix0CUwYODLD8nkj9UsLjASr49nPg+2eKzxhBV+v7L8pXvT4e639Q==",
      "dev": true,
      "license": "MIT",
      "dependencies": {
        "undici-types": "~7.18.0"
      }
    },
    "node_modules/a-sync-waterfall": {
      "version": "1.0.1",
      "resolved": "https://registry.npmjs.org/a-sync-waterfall/-/a-sync-waterfall-1.0.1.tgz",
      "integrity": "sha512-RYTOHHdWipFUliRFMCS4X2Yn2X8M87V/OpSqWzKKOGhzqyUxzyVmhHDH9sAvG+ZuQf/TAOFsLCpMw09I1ufUnA==",
      "license": "MIT"
    },
    "node_modules/asap": {
      "version": "2.0.6",
      "resolved": "https://registry.npmjs.org/asap/-/asap-2.0.6.tgz",
      "integrity": "sha512-BSHWgDSAiKs50o2Re8ppvp3seVHXSRM44cdSsT9FfNEUUZLOGWVCsiWaRPWM1Znn+mqZ1OfVZ3z3DWEzSp7hRA==",
      "license": "MIT"
    },
    "node_modules/commander": {
      "version": "5.1.0",
      "resolved": "https://registry.npmjs.org/commander/-/commander-5.1.0.tgz",
      "integrity": "sha512-P0CysNDQ7rtVw4QIQtm+MRxV66vKFSvlsQvGYXZWR3qFU0jlMKHZZZgw8e+8DSah4UDKMqnknRDQz+xuQXQ/Zg==",
      "license": "MIT",
      "engines": {
        "node": ">= 6"
      }
    },
    "node_modules/nunjucks": {
      "version": "3.2.4",
      "resolved": "https://registry.npmjs.org/nunjucks/-/nunjucks-3.2.4.tgz",
      "integrity": "sha512-26XRV6BhkgK0VOxfbU5cQI+ICFUtMLixv1noZn1tGU38kQH5A5nmmbk/O45xdyBhD1esk47nKrY0mvQpZIhRjQ==",
      "license": "BSD-2-Clause",
      "dependencies": {
        "a-sync-waterfall": "^1.0.0",
        "asap": "^2.0.3",
        "commander": "^5.1.0"
      },
      "bin": {
        "nunjucks-precompile": "bin/precompile"
      },
      "engines": {
        "node": ">= 6.9.0"
      },
      "peerDependencies": {
        "chokidar": "^3.3.0"
      },
      "peerDependenciesMeta": {
        "chokidar": {
          "optional": true
        }
      }
    },
    "node_modules/undici-types": {
      "version": "7.18.2",
      "resolved": "https://registry.npmjs.org/undici-types/-/undici-types-7.18.2.tgz",
      "integrity": "sha512-AsuCzffGHJybSaRrmr5eHr81mwJU3kjw6M+uprWvCXiNeN9SOGwQ3Jn8jb8m3Z6izVgknn1R0FTCEAP2QrLY/w==",
      "dev": true,
      "license": "MIT"
    }
  }
}
